
Microsoft Visual Studio Solution File, Format Version 12.00
# Visual Studio Version 16
VisualStudioVersion = 16.0.31005.135
MinimumVisualStudioVersion = 10.0.40219.1
Project("{FAE04EC0-301F-11D3-BF4B-00C04F79EFBC}") = "TaskManagerZUwierzytelnieniem", "TaskManagerZUwierzytelnieniem.csproj", "{286B999C-AD60-4F1A-9E18-CD6703C613B5}"
EndProject
Global
	GlobalSection(SolutionConfigurationPlatforms) = preSolution
		Debug|Any CPU = Debug|Any CPU
		Release|Any CPU = Release|Any CPU
	EndGlobalSection
	GlobalSection(ProjectConfigurationPlatforms) = postSolution
		{286B999C-AD60-4F1A-9E18-CD6703C613B5}.Debug|Any CPU.ActiveCfg = Debug|Any CPU
		{286B999C-AD60-4F1A-9E18-CD6703C613B5}.Debug|Any CPU.Build.0 = Debug|Any CPU
		{286B999C-AD60-4F1A-9E18-CD6703C613B5}.Release|Any CPU.ActiveCfg = Release|Any CPU
		{286B999C-AD60-4F1A-9E18-CD6703C613B5}.Release|Any CPU.Build.0 = Release|Any CPU
	EndGlobalSection
	GlobalSection(SolutionProperties) = preSolution
		HideSolutionNode = FALSE
	EndGlobalSection
	GlobalSection(ExtensibilityGlobals) = postSolution
		SolutionGuid = {CD8EB2DC-FDB6-4A2D-922E-3DD8417EA335}
	EndGlobalSection
EndGlobal
